
Microsoft Visual Studio Solution File, Format Version 12.00
# Visual Studio Version 16
VisualStudioVersion = 16.0.32126.315
MinimumVisualStudioVersion = 10.0.40219.1
Project("{FAE04EC0-301F-11D3-BF4B-00C04F79EFBC}") = "TicketSellWebApp", "TicketSellWebApp\TicketSellWebApp.csproj", "{BBCCAE40-9FA3-40C1-A335-DAA46C9A2FA9}"
EndProject
Global
	GlobalSection(SolutionConfigurationPlatforms) = preSolution
		Debug|Any CPU = Debug|Any CPU
		Release|Any CPU = Release|Any CPU
	EndGlobalSection
	GlobalSection(ProjectConfigurationPlatforms) = postSolution
		{BBCCAE40-9FA3-40C1-A335-DAA46C9A2FA9}.Debug|Any CPU.ActiveCfg = Debug|Any CPU
		{BBCCAE40-9FA3-40C1-A335-DAA46C9A2FA9}.Debug|Any CPU.Build.0 = Debug|Any CPU
		{BBCCAE40-9FA3-40C1-A335-DAA46C9A2FA9}.Release|Any CPU.ActiveCfg = Release|Any CPU
		{BBCCAE40-9FA3-40C1-A335-DAA46C9A2FA9}.Release|Any CPU.Build.0 = Release|Any CPU
	EndGlobalSection
	GlobalSection(SolutionProperties) = preSolution
		HideSolutionNode = FALSE
	EndGlobalSection
	GlobalSection(ExtensibilityGlobals) = postSolution
		SolutionGuid = {076FFAB7-B63A-4F28-8F25-5BBED378BE34}
	EndGlobalSection
EndGlobal
